
Microsoft Visual Studio Solution File, Format Version 12.00
# Visual Studio 14
VisualStudioVersion = 14.0.25420.1
MinimumVisualStudioVersion = 10.0.40219.1
Project("{FAE04EC0-301F-11D3-BF4B-00C04F79EFBC}") = "Cataclysm", "Cataclysm\Cataclysm.csproj", "{5CFF1142-30F5-4968-BA8A-71AD517B949B}"
EndProject
Project("{FAE04EC0-301F-11D3-BF4B-00C04F79EFBC}") = "Cataclysm.Core", "Cataclysm.Core\Cataclysm.Core.csproj", "{C24BC693-7DF4-41A8-99A2-B8D67DC47986}"
EndProject
Project("{FAE04EC0-301F-11D3-BF4B-00C04F79EFBC}") = "Cataclysm.Core.UnitTests", "Cataclysm.Core.UnitTests\Cataclysm.Core.UnitTests.csproj", "{8B1F1803-EF32-4853-ADE1-23AE17EE979D}"
EndProject
Global
	GlobalSection(SolutionConfigurationPlatforms) = preSolution
		Debug|Any CPU = Debug|Any CPU
		Release|Any CPU = Release|Any CPU
	EndGlobalSection
	GlobalSection(ProjectConfigurationPlatforms) = postSolution
		{5CFF1142-30F5-4968-BA8A-71AD517B949B}.Debug|Any CPU.ActiveCfg = Debug|Any CPU
		{5CFF1142-30F5-4968-BA8A-71AD517B949B}.Debug|Any CPU.Build.0 = Debug|Any CPU
		{5CFF1142-30F5-4968-BA8A-71AD517B949B}.Release|Any CPU.ActiveCfg = Release|Any CPU
		{5CFF1142-30F5-4968-BA8A-71AD517B949B}.Release|Any CPU.Build.0 = Release|Any CPU
		{C24BC693-7DF4-41A8-99A2-B8D67DC47986}.Debug|Any CPU.ActiveCfg = Debug|Any CPU
		{C24BC693-7DF4-41A8-99A2-B8D67DC47986}.Debug|Any CPU.Build.0 = Debug|Any CPU
		{C24BC693-7DF4-41A8-99A2-B8D67DC47986}.Release|Any CPU.ActiveCfg = Release|Any CPU
		{C24BC693-7DF4-41A8-99A2-B8D67DC47986}.Release|Any CPU.Build.0 = Release|Any CPU
		{8B1F1803-EF32-4853-ADE1-23AE17EE979D}.Debug|Any CPU.ActiveCfg = Debug|Any CPU
		{8B1F1803-EF32-4853-ADE1-23AE17EE979D}.Debug|Any CPU.Build.0 = Debug|Any CPU
		{8B1F1803-EF32-4853-ADE1-23AE17EE979D}.Release|Any CPU.ActiveCfg = Release|Any CPU
		{8B1F1803-EF32-4853-ADE1-23AE17EE979D}.Release|Any CPU.Build.0 = Release|Any CPU
	EndGlobalSection
	GlobalSection(SolutionProperties) = preSolution
		HideSolutionNode = FALSE
	EndGlobalSection
EndGlobal
